{
  "version": 4,
  "terraform_version": "1.5.0",
  "serial": 152,
  "lineage": "2661bb21-53ee-9981-65ad-f81bd8d00b3d",
  "outputs": {},
  "resources": [
    {
      "module": "module.new_ec2_instance",
      "mode": "data",
      "type": "aws_ami",
      "name": "ubuntu",
      "provider": "provider[\"registry.terraform.io/hashicorp/aws\"]",
      "instances": [
        {
          "schema_version": 0,
          "attributes": {
            "architecture": "x86_64",
            "arn": "arn:aws:ec2:us-east-1::image/ami-011e48799a29115e9",
            "block_device_mappings": [
              {
                "device_name": "/dev/sda1",
                "ebs": {
                  "delete_on_termination": "true",
                  "encrypted": "false",
                  "iops": "0",
                  "snapshot_id": "snap-0a5faa5b3f4d8cce3",
                  "throughput": "0",
                  "volume_size": "8",
                  "volume_type": "gp2"
                },
                "no_device": "",
                "virtual_name": ""
              },
              {
                "device_name": "/dev/sdb",
                "ebs": {},
                "no_device": "",
                "virtual_name": "ephemeral0"
              },
              {
                "device_name": "/dev/sdc",
                "ebs": {},
                "no_device": "",
                "virtual_name": "ephemeral1"
              }
            ],
            "boot_mode": "legacy-bios",
            "creation_date": "2023-08-15T00:13:20.000Z",
            "deprecation_time": "2025-08-15T00:13:20.000Z",
            "description": "Canonical, Ubuntu, 20.04 LTS, amd64 focal image build on 2023-08-14",
            "ena_support": true,
            "executable_users": null,
            "filter": [
              {
                "name": "name",
                "values": [
                  "ubuntu/images/hvm-ssd/ubuntu-focal-20.04-amd64-server-*"
                ]
              },
              {
                "name": "virtualization-type",
                "values": [
                  "hvm"
                ]
              }
            ],
            "hypervisor": "xen",
            "id": "ami-011e48799a29115e9",
            "image_id": "ami-011e48799a29115e9",
            "image_location": "amazon/ubuntu/images/hvm-ssd/ubuntu-focal-20.04-amd64-server-20230814",
            "image_owner_alias": "amazon",
            "image_type": "machine",
            "imds_support": "",
            "include_deprecated": false,
            "kernel_id": "",
            "most_recent": true,
            "name": "ubuntu/images/hvm-ssd/ubuntu-focal-20.04-amd64-server-20230814",
            "name_regex": null,
            "owner_id": "099720109477",
            "owners": [
              "099720109477"
            ],
            "platform": "",
            "platform_details": "Linux/UNIX",
            "product_codes": [],
            "public": true,
            "ramdisk_id": "",
            "root_device_name": "/dev/sda1",
            "root_device_type": "ebs",
            "root_snapshot_id": "snap-0a5faa5b3f4d8cce3",
            "sriov_net_support": "simple",
            "state": "available",
            "state_reason": {
              "code": "UNSET",
              "message": "UNSET"
            },
            "tags": {},
            "timeouts": null,
            "tpm_support": "",
            "usage_operation": "RunInstances",
            "virtualization_type": "hvm"
          },
          "sensitive_attributes": []
        }
      ]
    },
    {
      "module": "module.new_ec2_instance",
      "mode": "managed",
      "type": "aws_instance",
      "name": "web",
      "provider": "provider[\"registry.terraform.io/hashicorp/aws\"]",
      "instances": [
        {
          "schema_version": 1,
          "attributes": {
            "ami": "ami-011e48799a29115e9",
            "arn": "arn:aws:ec2:us-east-1:064212634025:instance/i-0fd07eda0eba61a6c",
            "associate_public_ip_address": true,
            "availability_zone": "us-east-1a",
            "capacity_reservation_specification": [
              {
                "capacity_reservation_preference": "open",
                "capacity_reservation_target": []
              }
            ],
            "cpu_core_count": 1,
            "cpu_options": [
              {
                "amd_sev_snp": "",
                "core_count": 1,
                "threads_per_core": 1
              }
            ],
            "cpu_threads_per_core": 1,
            "credit_specification": [
              {
                "cpu_credits": "standard"
              }
            ],
            "disable_api_stop": false,
            "disable_api_termination": false,
            "ebs_block_device": [],
            "ebs_optimized": false,
            "enclave_options": [
              {
                "enabled": false
              }
            ],
            "ephemeral_block_device": [],
            "get_password_data": false,
            "hibernation": false,
            "host_id": "",
            "host_resource_group_arn": null,
            "iam_instance_profile": "",
            "id": "i-0fd07eda0eba61a6c",
            "instance_initiated_shutdown_behavior": "stop",
            "instance_lifecycle": "",
            "instance_market_options": [],
            "instance_state": "running",
            "instance_type": "t2.micro",
            "ipv6_address_count": 0,
            "ipv6_addresses": [],
            "key_name": "",
            "launch_template": [],
            "maintenance_options": [
              {
                "auto_recovery": "default"
              }
            ],
            "metadata_options": [
              {
                "http_endpoint": "enabled",
                "http_put_response_hop_limit": 1,
                "http_tokens": "optional",
                "instance_metadata_tags": "disabled"
              }
            ],
            "monitoring": false,
            "network_interface": [
              {
                "delete_on_termination": false,
                "device_index": 0,
                "network_card_index": 0,
                "network_interface_id": "eni-0999abe60bc299a1a"
              }
            ],
            "outpost_arn": "",
            "password_data": "",
            "placement_group": "",
            "placement_partition_number": 0,
            "primary_network_interface_id": "eni-0999abe60bc299a1a",
            "private_dns": "ip-10-0-2-100.ec2.internal",
            "private_dns_name_options": [
              {
                "enable_resource_name_dns_a_record": false,
                "enable_resource_name_dns_aaaa_record": false,
                "hostname_type": "ip-name"
              }
            ],
            "private_ip": "10.0.2.100",
            "public_dns": "",
            "public_ip": "44.217.207.2",
            "root_block_device": [
              {
                "delete_on_termination": true,
                "device_name": "/dev/sda1",
                "encrypted": false,
                "iops": 100,
                "kms_key_id": "",
                "tags": {},
                "throughput": 0,
                "volume_id": "vol-0c33c0d6866bec298",
                "volume_size": 8,
                "volume_type": "gp2"
              }
            ],
            "secondary_private_ips": [],
            "security_groups": [],
            "source_dest_check": true,
            "spot_instance_request_id": "",
            "subnet_id": "subnet-0abdd3580748bd9f1",
            "tags": {
              "Name": "THIS IS THE DEFAULT"
            },
            "tags_all": {
              "Name": "THIS IS THE DEFAULT"
            },
            "tenancy": "default",
            "timeouts": null,
            "user_data": "5350bb8490045af5574daadd9f268617e0014303",
            "user_data_base64": null,
            "user_data_replace_on_change": false,
            "volume_tags": null,
            "vpc_security_group_ids": [
              "sg-0aac8227b1e8724b6"
            ]
          },
          "sensitive_attributes": [],
          "private": "eyJlMmJmYjczMC1lY2FhLTExZTYtOGY4OC0zNDM2M2JjN2M0YzAiOnsiY3JlYXRlIjo2MDAwMDAwMDAwMDAsImRlbGV0ZSI6MTIwMDAwMDAwMDAwMCwidXBkYXRlIjo2MDAwMDAwMDAwMDB9LCJzY2hlbWFfdmVyc2lvbiI6IjEifQ==",
          "dependencies": [
            "module.new_ec2_instance.data.aws_ami.ubuntu",
            "module.new_vpc.aws_network_interface.new-1",
            "module.new_vpc.aws_security_group.allow_web_",
            "module.new_vpc.aws_subnet.server_12",
            "module.new_vpc.aws_vpc.server_12"
          ]
        }
      ]
    },
    {
      "module": "module.new_s3_bucket",
      "mode": "managed",
      "type": "aws_s3_bucket",
      "name": "s3-bucket",
      "provider": "provider[\"registry.terraform.io/hashicorp/aws\"]",
      "instances": [
        {
          "schema_version": 0,
          "attributes": {
            "acceleration_status": "",
            "acl": null,
            "arn": "arn:aws:s3:::musab-aws-pipeline-project5343",
            "bucket": "musab-aws-pipeline-project5343",
            "bucket_domain_name": "musab-aws-pipeline-project5343.s3.amazonaws.com",
            "bucket_prefix": "",
            "bucket_regional_domain_name": "musab-aws-pipeline-project5343.s3.us-east-1.amazonaws.com",
            "cors_rule": [],
            "force_destroy": false,
            "grant": [
              {
                "id": "66486bd2b73ce71d166a74feac9a892fc71140fa08a9551255c33c5dab2d8305",
                "permissions": [
                  "FULL_CONTROL"
                ],
                "type": "CanonicalUser",
                "uri": ""
              }
            ],
            "hosted_zone_id": "Z3AQBSTGFYJSTF",
            "id": "musab-aws-pipeline-project5343",
            "lifecycle_rule": [],
            "logging": [],
            "object_lock_configuration": [],
            "object_lock_enabled": false,
            "policy": "",
            "region": "us-east-1",
            "replication_configuration": [],
            "request_payer": "BucketOwner",
            "server_side_encryption_configuration": [
              {
                "rule": [
                  {
                    "apply_server_side_encryption_by_default": [
                      {
                        "kms_master_key_id": "",
                        "sse_algorithm": "AES256"
                      }
                    ],
                    "bucket_key_enabled": false
                  }
                ]
              }
            ],
            "tags": null,
            "tags_all": {},
            "timeouts": null,
            "versioning": [
              {
                "enabled": false,
                "mfa_delete": false
              }
            ],
            "website": [],
            "website_domain": null,
            "website_endpoint": null
          },
          "sensitive_attributes": [],
          "private": "eyJlMmJmYjczMC1lY2FhLTExZTYtOGY4OC0zNDM2M2JjN2M0YzAiOnsiY3JlYXRlIjoxMjAwMDAwMDAwMDAwLCJkZWxldGUiOjM2MDAwMDAwMDAwMDAsInJlYWQiOjEyMDAwMDAwMDAwMDAsInVwZGF0ZSI6MTIwMDAwMDAwMDAwMH19"
        }
      ]
    },
    {
      "module": "module.new_vpc",
      "mode": "managed",
      "type": "aws_egress_only_internet_gateway",
      "name": "new_eoig",
      "provider": "provider[\"registry.terraform.io/hashicorp/aws\"]",
      "instances": [
        {
          "schema_version": 0,
          "attributes": {
            "id": "eigw-0ab2004611eedaed6",
            "tags": {},
            "tags_all": {},
            "vpc_id": "vpc-02f4bca665c278fa7"
          },
          "sensitive_attributes": [],
          "private": "bnVsbA==",
          "dependencies": [
            "module.new_vpc.aws_vpc.server_12"
          ]
        }
      ]
    },
    {
      "module": "module.new_vpc",
      "mode": "managed",
      "type": "aws_eip",
      "name": "elastic-1",
      "provider": "provider[\"registry.terraform.io/hashicorp/aws\"]",
      "instances": [
        {
          "schema_version": 0,
          "attributes": {
            "address": null,
            "allocation_id": "eipalloc-07723c324c6097e14",
            "associate_with_private_ip": "10.0.2.100",
            "association_id": "eipassoc-04cb6f2c1bf2fc268",
            "carrier_ip": "",
            "customer_owned_ip": "",
            "customer_owned_ipv4_pool": "",
            "domain": "vpc",
            "id": "eipalloc-07723c324c6097e14",
            "instance": "i-0fd07eda0eba61a6c",
            "network_border_group": "us-east-1",
            "network_interface": "eni-0999abe60bc299a1a",
            "private_dns": "ip-10-0-2-100.ec2.internal",
            "private_ip": "10.0.2.100",
            "public_dns": "ec2-44-217-207-2.compute-1.amazonaws.com",
            "public_ip": "44.217.207.2",
            "public_ipv4_pool": "amazon",
            "tags": {},
            "tags_all": {},
            "timeouts": null,
            "vpc": true
          },
          "sensitive_attributes": [],
          "private": "eyJlMmJmYjczMC1lY2FhLTExZTYtOGY4OC0zNDM2M2JjN2M0YzAiOnsiZGVsZXRlIjoxODAwMDAwMDAwMDAsInJlYWQiOjkwMDAwMDAwMDAwMCwidXBkYXRlIjozMDAwMDAwMDAwMDB9fQ==",
          "dependencies": [
            "module.new_ec2_instance.aws_instance.web",
            "module.new_ec2_instance.data.aws_ami.ubuntu",
            "module.new_vpc.aws_internet_gateway.gw",
            "module.new_vpc.aws_network_interface.new-1",
            "module.new_vpc.aws_security_group.allow_web_",
            "module.new_vpc.aws_subnet.server_12",
            "module.new_vpc.aws_vpc.server_12"
          ]
        }
      ]
    },
    {
      "module": "module.new_vpc",
      "mode": "managed",
      "type": "aws_internet_gateway",
      "name": "gw",
      "provider": "provider[\"registry.terraform.io/hashicorp/aws\"]",
      "instances": [
        {
          "schema_version": 0,
          "attributes": {
            "arn": "arn:aws:ec2:us-east-1:064212634025:internet-gateway/igw-027d847873fb446c5",
            "id": "igw-027d847873fb446c5",
            "owner_id": "064212634025",
            "tags": {
              "Name": "this is the default"
            },
            "tags_all": {
              "Name": "this is the default"
            },
            "timeouts": null,
            "vpc_id": "vpc-02f4bca665c278fa7"
          },
          "sensitive_attributes": [],
          "private": "eyJlMmJmYjczMC1lY2FhLTExZTYtOGY4OC0zNDM2M2JjN2M0YzAiOnsiY3JlYXRlIjoxMjAwMDAwMDAwMDAwLCJkZWxldGUiOjEyMDAwMDAwMDAwMDAsInVwZGF0ZSI6MTIwMDAwMDAwMDAwMH19",
          "dependencies": [
            "module.new_vpc.aws_vpc.server_12"
          ]
        }
      ]
    },
    {
      "module": "module.new_vpc",
      "mode": "managed",
      "type": "aws_network_interface",
      "name": "new-1",
      "provider": "provider[\"registry.terraform.io/hashicorp/aws\"]",
      "instances": [
        {
          "schema_version": 0,
          "attributes": {
            "arn": "arn:aws:ec2:us-east-1:064212634025:network-interface/eni-0999abe60bc299a1a",
            "attachment": [
              {
                "attachment_id": "eni-attach-0f670738fbea00a0e",
                "device_index": 0,
                "instance": "i-0fd07eda0eba61a6c"
              }
            ],
            "description": "",
            "id": "eni-0999abe60bc299a1a",
            "interface_type": "interface",
            "ipv4_prefix_count": 0,
            "ipv4_prefixes": [],
            "ipv6_address_count": 0,
            "ipv6_address_list": [],
            "ipv6_address_list_enabled": false,
            "ipv6_addresses": [],
            "ipv6_prefix_count": 0,
            "ipv6_prefixes": [],
            "mac_address": "0a:20:01:83:9d:91",
            "outpost_arn": "",
            "owner_id": "064212634025",
            "private_dns_name": "",
            "private_ip": "10.0.2.100",
            "private_ip_list": [
              "10.0.2.100"
            ],
            "private_ip_list_enabled": false,
            "private_ips": [
              "10.0.2.100"
            ],
            "private_ips_count": 0,
            "security_groups": [
              "sg-0aac8227b1e8724b6"
            ],
            "source_dest_check": true,
            "subnet_id": "subnet-0abdd3580748bd9f1",
            "tags": {},
            "tags_all": {}
          },
          "sensitive_attributes": [],
          "private": "bnVsbA==",
          "dependencies": [
            "module.new_vpc.aws_security_group.allow_web_",
            "module.new_vpc.aws_subnet.server_12",
            "module.new_vpc.aws_vpc.server_12"
          ]
        }
      ]
    },
    {
      "module": "module.new_vpc",
      "mode": "managed",
      "type": "aws_route_table",
      "name": "server_12",
      "provider": "provider[\"registry.terraform.io/hashicorp/aws\"]",
      "instances": [
        {
          "schema_version": 0,
          "attributes": {
            "arn": "arn:aws:ec2:us-east-1:064212634025:route-table/rtb-06af14e3fa22c66d5",
            "id": "rtb-06af14e3fa22c66d5",
            "owner_id": "064212634025",
            "propagating_vgws": [],
            "route": [
              {
                "carrier_gateway_id": "",
                "cidr_block": "",
                "core_network_arn": "",
                "destination_prefix_list_id": "",
                "egress_only_gateway_id": "eigw-0ab2004611eedaed6",
                "gateway_id": "",
                "ipv6_cidr_block": "::/0",
                "local_gateway_id": "",
                "nat_gateway_id": "",
                "network_interface_id": "",
                "transit_gateway_id": "",
                "vpc_endpoint_id": "",
                "vpc_peering_connection_id": ""
              },
              {
                "carrier_gateway_id": "",
                "cidr_block": "0.0.0.0/0",
                "core_network_arn": "",
                "destination_prefix_list_id": "",
                "egress_only_gateway_id": "",
                "gateway_id": "igw-027d847873fb446c5",
                "ipv6_cidr_block": "",
                "local_gateway_id": "",
                "nat_gateway_id": "",
                "network_interface_id": "",
                "transit_gateway_id": "",
                "vpc_endpoint_id": "",
                "vpc_peering_connection_id": ""
              }
            ],
            "tags": {
              "Name": "this is the default"
            },
            "tags_all": {
              "Name": "this is the default"
            },
            "timeouts": null,
            "vpc_id": "vpc-02f4bca665c278fa7"
          },
          "sensitive_attributes": [],
          "private": "eyJlMmJmYjczMC1lY2FhLTExZTYtOGY4OC0zNDM2M2JjN2M0YzAiOnsiY3JlYXRlIjozMDAwMDAwMDAwMDAsImRlbGV0ZSI6MzAwMDAwMDAwMDAwLCJ1cGRhdGUiOjEyMDAwMDAwMDAwMH19",
          "dependencies": [
            "module.new_vpc.aws_egress_only_internet_gateway.new_eoig",
            "module.new_vpc.aws_internet_gateway.gw",
            "module.new_vpc.aws_vpc.server_12"
          ]
        }
      ]
    },
    {
      "module": "module.new_vpc",
      "mode": "managed",
      "type": "aws_route_table_association",
      "name": "server_12",
      "provider": "provider[\"registry.terraform.io/hashicorp/aws\"]",
      "instances": [
        {
          "schema_version": 0,
          "attributes": {
            "gateway_id": "",
            "id": "rtbassoc-089bcb5c0292922f2",
            "route_table_id": "rtb-06af14e3fa22c66d5",
            "subnet_id": "subnet-0abdd3580748bd9f1",
            "timeouts": null
          },
          "sensitive_attributes": [],
          "private": "eyJlMmJmYjczMC1lY2FhLTExZTYtOGY4OC0zNDM2M2JjN2M0YzAiOnsiY3JlYXRlIjozMDAwMDAwMDAwMDAsImRlbGV0ZSI6MzAwMDAwMDAwMDAwLCJ1cGRhdGUiOjEyMDAwMDAwMDAwMH19",
          "dependencies": [
            "module.new_vpc.aws_egress_only_internet_gateway.new_eoig",
            "module.new_vpc.aws_internet_gateway.gw",
            "module.new_vpc.aws_route_table.server_12",
            "module.new_vpc.aws_subnet.server_12",
            "module.new_vpc.aws_vpc.server_12"
          ]
        }
      ]
    },
    {
      "module": "module.new_vpc",
      "mode": "managed",
      "type": "aws_security_group",
      "name": "allow_web_",
      "provider": "provider[\"registry.terraform.io/hashicorp/aws\"]",
      "instances": [
        {
          "schema_version": 1,
          "attributes": {
            "arn": "arn:aws:ec2:us-east-1:064212634025:security-group/sg-0aac8227b1e8724b6",
            "description": "Allow Web inbound traffic",
            "egress": [
              {
                "cidr_blocks": [
                  "0.0.0.0/0"
                ],
                "description": "",
                "from_port": 0,
                "ipv6_cidr_blocks": [
                  "::/0"
                ],
                "prefix_list_ids": [],
                "protocol": "-1",
                "security_groups": [],
                "self": false,
                "to_port": 0
              }
            ],
            "id": "sg-0aac8227b1e8724b6",
            "ingress": [
              {
                "cidr_blocks": [
                  "0.0.0.0/0"
                ],
                "description": "HTTP",
                "from_port": 80,
                "ipv6_cidr_blocks": [
                  "::/0"
                ],
                "prefix_list_ids": [],
                "protocol": "tcp",
                "security_groups": [],
                "self": false,
                "to_port": 80
              },
              {
                "cidr_blocks": [
                  "0.0.0.0/0"
                ],
                "description": "HTTPS",
                "from_port": 443,
                "ipv6_cidr_blocks": [
                  "::/0"
                ],
                "prefix_list_ids": [],
                "protocol": "tcp",
                "security_groups": [],
                "self": false,
                "to_port": 443
              },
              {
                "cidr_blocks": [
                  "0.0.0.0/0"
                ],
                "description": "ssh",
                "from_port": 22,
                "ipv6_cidr_blocks": [
                  "::/0"
                ],
                "prefix_list_ids": [],
                "protocol": "tcp",
                "security_groups": [],
                "self": false,
                "to_port": 22
              }
            ],
            "name": "allow_web_traffic",
            "name_prefix": "",
            "owner_id": "064212634025",
            "revoke_rules_on_delete": false,
            "tags": {
              "Name": "THIS IS THE DEFAULT"
            },
            "tags_all": {
              "Name": "THIS IS THE DEFAULT"
            },
            "timeouts": null,
            "vpc_id": "vpc-02f4bca665c278fa7"
          },
          "sensitive_attributes": [],
          "private": "eyJlMmJmYjczMC1lY2FhLTExZTYtOGY4OC0zNDM2M2JjN2M0YzAiOnsiY3JlYXRlIjo2MDAwMDAwMDAwMDAsImRlbGV0ZSI6OTAwMDAwMDAwMDAwfSwic2NoZW1hX3ZlcnNpb24iOiIxIn0=",
          "dependencies": [
            "module.new_vpc.aws_vpc.server_12"
          ]
        }
      ]
    },
    {
      "module": "module.new_vpc",
      "mode": "managed",
      "type": "aws_subnet",
      "name": "server_12",
      "provider": "provider[\"registry.terraform.io/hashicorp/aws\"]",
      "instances": [
        {
          "schema_version": 1,
          "attributes": {
            "arn": "arn:aws:ec2:us-east-1:064212634025:subnet/subnet-0abdd3580748bd9f1",
            "assign_ipv6_address_on_creation": false,
            "availability_zone": "us-east-1a",
            "availability_zone_id": "use1-az4",
            "cidr_block": "10.0.2.0/24",
            "customer_owned_ipv4_pool": "",
            "enable_dns64": false,
            "enable_lni_at_device_index": 0,
            "enable_resource_name_dns_a_record_on_launch": false,
            "enable_resource_name_dns_aaaa_record_on_launch": false,
            "id": "subnet-0abdd3580748bd9f1",
            "ipv6_cidr_block": "",
            "ipv6_cidr_block_association_id": "",
            "ipv6_native": false,
            "map_customer_owned_ip_on_launch": false,
            "map_public_ip_on_launch": false,
            "outpost_arn": "",
            "owner_id": "064212634025",
            "private_dns_hostname_type_on_launch": "ip-name",
            "tags": {
              "Name": "value"
            },
            "tags_all": {
              "Name": "value"
            },
            "timeouts": null,
            "vpc_id": "vpc-02f4bca665c278fa7"
          },
          "sensitive_attributes": [],
          "private": "eyJlMmJmYjczMC1lY2FhLTExZTYtOGY4OC0zNDM2M2JjN2M0YzAiOnsiY3JlYXRlIjo2MDAwMDAwMDAwMDAsImRlbGV0ZSI6MTIwMDAwMDAwMDAwMH0sInNjaGVtYV92ZXJzaW9uIjoiMSJ9",
          "dependencies": [
            "module.new_vpc.aws_vpc.server_12"
          ]
        }
      ]
    },
    {
      "module": "module.new_vpc",
      "mode": "managed",
      "type": "aws_vpc",
      "name": "server_12",
      "provider": "provider[\"registry.terraform.io/hashicorp/aws\"]",
      "instances": [
        {
          "schema_version": 1,
          "attributes": {
            "arn": "arn:aws:ec2:us-east-1:064212634025:vpc/vpc-02f4bca665c278fa7",
            "assign_generated_ipv6_cidr_block": false,
            "cidr_block": "10.0.0.0/16",
            "default_network_acl_id": "acl-098acd6e73b6d05d3",
            "default_route_table_id": "rtb-00020ae9809755fb8",
            "default_security_group_id": "sg-071dd0dcab4647240",
            "dhcp_options_id": "dopt-0bddaefcc45f453d4",
            "enable_dns_hostnames": false,
            "enable_dns_support": true,
            "enable_network_address_usage_metrics": false,
            "id": "vpc-02f4bca665c278fa7",
            "instance_tenancy": "default",
            "ipv4_ipam_pool_id": null,
            "ipv4_netmask_length": null,
            "ipv6_association_id": "",
            "ipv6_cidr_block": "",
            "ipv6_cidr_block_network_border_group": "",
            "ipv6_ipam_pool_id": "",
            "ipv6_netmask_length": 0,
            "main_route_table_id": "rtb-00020ae9809755fb8",
            "owner_id": "064212634025",
            "tags": {
              "Name": "This is the default tag name"
            },
            "tags_all": {
              "Name": "This is the default tag name"
            }
          },
          "sensitive_attributes": [],
          "private": "eyJzY2hlbWFfdmVyc2lvbiI6IjEifQ=="
        }
      ]
    }
  ],
  "check_results": null
}
